
Microsoft Visual Studio Solution File, Format Version 12.00
# Visual Studio 15
VisualStudioVersion = 15.0.26730.16
MinimumVisualStudioVersion = 10.0.40219.1
Project("{FAE04EC0-301F-11D3-BF4B-00C04F79EFBC}") = "Harjoitukset10", "Harjoitukset10.csproj", "{038EB95B-E705-45CB-B0F1-D0E016D857B7}"
EndProject
Project("{FAE04EC0-301F-11D3-BF4B-00C04F79EFBC}") = "Harj10Teht1", "Harj10Teht1\Harj10Teht1.csproj", "{028EE151-523B-4369-846D-032BCD7DF0C6}"
EndProject
Project("{FAE04EC0-301F-11D3-BF4B-00C04F79EFBC}") = "Harj10Teht4", "Harj10Teht4\Harj10Teht4.csproj", "{21DFA983-6694-47F1-BFDC-D2F9722FDADB}"
EndProject
Global
	GlobalSection(SolutionConfigurationPlatforms) = preSolution
		Debug|Any CPU = Debug|Any CPU
		Release|Any CPU = Release|Any CPU
	EndGlobalSection
	GlobalSection(ProjectConfigurationPlatforms) = postSolution
		{038EB95B-E705-45CB-B0F1-D0E016D857B7}.Debug|Any CPU.ActiveCfg = Debug|Any CPU
		{038EB95B-E705-45CB-B0F1-D0E016D857B7}.Debug|Any CPU.Build.0 = Debug|Any CPU
		{038EB95B-E705-45CB-B0F1-D0E016D857B7}.Release|Any CPU.ActiveCfg = Release|Any CPU
		{038EB95B-E705-45CB-B0F1-D0E016D857B7}.Release|Any CPU.Build.0 = Release|Any CPU
		{028EE151-523B-4369-846D-032BCD7DF0C6}.Debug|Any CPU.ActiveCfg = Debug|Any CPU
		{028EE151-523B-4369-846D-032BCD7DF0C6}.Debug|Any CPU.Build.0 = Debug|Any CPU
		{028EE151-523B-4369-846D-032BCD7DF0C6}.Release|Any CPU.ActiveCfg = Release|Any CPU
		{028EE151-523B-4369-846D-032BCD7DF0C6}.Release|Any CPU.Build.0 = Release|Any CPU
		{21DFA983-6694-47F1-BFDC-D2F9722FDADB}.Debug|Any CPU.ActiveCfg = Debug|Any CPU
		{21DFA983-6694-47F1-BFDC-D2F9722FDADB}.Debug|Any CPU.Build.0 = Debug|Any CPU
		{21DFA983-6694-47F1-BFDC-D2F9722FDADB}.Release|Any CPU.ActiveCfg = Release|Any CPU
		{21DFA983-6694-47F1-BFDC-D2F9722FDADB}.Release|Any CPU.Build.0 = Release|Any CPU
	EndGlobalSection
	GlobalSection(SolutionProperties) = preSolution
		HideSolutionNode = FALSE
	EndGlobalSection
	GlobalSection(ExtensibilityGlobals) = postSolution
		SolutionGuid = {A384A344-4CD7-4CDD-AE25-AF1822A7E8EE}
	EndGlobalSection
EndGlobal
